// !$*UTF8*$!
{
	archiveVersion = 1;
	classes = {
	};
	objectVersion = 46;
	objects = {

/* Begin PBXBuildFile section */
		322166AE1C282FBB00888EE6 /* Edge.cpp in Sources */ = {isa = PBXBuildFile; fileRef = 322166A31C282FBB00888EE6 /* Edge.cpp */; };
		322166AF1C282FBB00888EE6 /* Face.cpp in Sources */ = {isa = PBXBuildFile; fileRef = 322166A51C282FBB00888EE6 /* Face.cpp */; };
		322166B01C282FBB00888EE6 /* HalfEdge.cpp in Sources */ = {isa = PBXBuildFile; fileRef = 322166A71C282FBB00888EE6 /* HalfEdge.cpp */; };
		322166B11C282FBB00888EE6 /* main.cpp in Sources */ = {isa = PBXBuildFile; fileRef = 322166A91C282FBB00888EE6 /* main.cpp */; };
		322166B21C282FBB00888EE6 /* Mesh.cpp in Sources */ = {isa = PBXBuildFile; fileRef = 322166AA1C282FBB00888EE6 /* Mesh.cpp */; };
		322166B31C282FBB00888EE6 /* MeshIO.cpp in Sources */ = {isa = PBXBuildFile; fileRef = 322166AC1C282FBB00888EE6 /* MeshIO.cpp */; };
		322166B71C282FCF00888EE6 /* Vertex.cpp in Sources */ = {isa = PBXBuildFile; fileRef = 322166B51C282FCF00888EE6 /* Vertex.cpp */; };
		322166B91C28314A00888EE6 /* OpenGL.framework in Frameworks */ = {isa = PBXBuildFile; fileRef = 322166B81C28314A00888EE6 /* OpenGL.framework */; };
		322166BB1C28314F00888EE6 /* GLUT.framework in Frameworks */ = {isa = PBXBuildFile; fileRef = 322166BA1C28314F00888EE6 /* GLUT.framework */; };
		3244D8711C33093300B88DC5 /* BoundingBox.cpp in Sources */ = {isa = PBXBuildFile; fileRef = 3244D86F1C33093300B88DC5 /* BoundingBox.cpp */; };
/* End PBXBuildFile section */

/* Begin PBXCopyFilesBuildPhase section */
		322166971C282F7B00888EE6 /* CopyFiles */ = {
			isa = PBXCopyFilesBuildPhase;
			buildActionMask = 2147483647;
			dstPath = /usr/share/man/man1/;
			dstSubfolderSpec = 0;
			files = (
			);
			runOnlyForDeploymentPostprocessing = 1;
		};
/* End PBXCopyFilesBuildPhase section */

/* Begin PBXFileReference section */
		322166991C282F7B00888EE6 /* mesh-saliency */ = {isa = PBXFileReference; explicitFileType = "compiled.mach-o.executable"; includeInIndex = 0; path = "mesh-saliency"; sourceTree = BUILT_PRODUCTS_DIR; };
		322166A31C282FBB00888EE6 /* Edge.cpp */ = {isa = PBXFileReference; fileEncoding = 4; lastKnownFileType = sourcecode.cpp.cpp; path = Edge.cpp; sourceTree = "<group>"; };
		322166A41C282FBB00888EE6 /* Edge.h */ = {isa = PBXFileReference; fileEncoding = 4; lastKnownFileType = sourcecode.c.h; path = Edge.h; sourceTree = "<group>"; };
		322166A51C282FBB00888EE6 /* Face.cpp */ = {isa = PBXFileReference; fileEncoding = 4; lastKnownFileType = sourcecode.cpp.cpp; path = Face.cpp; sourceTree = "<group>"; };
		322166A61C282FBB00888EE6 /* Face.h */ = {isa = PBXFileReference; fileEncoding = 4; lastKnownFileType = sourcecode.c.h; path = Face.h; sourceTree = "<group>"; };
		322166A71C282FBB00888EE6 /* HalfEdge.cpp */ = {isa = PBXFileReference; fileEncoding = 4; lastKnownFileType = sourcecode.cpp.cpp; path = HalfEdge.cpp; sourceTree = "<group>"; };
		322166A81C282FBB00888EE6 /* HalfEdge.h */ = {isa = PBXFileReference; fileEncoding = 4; lastKnownFileType = sourcecode.c.h; path = HalfEdge.h; sourceTree = "<group>"; };
		322166A91C282FBB00888EE6 /* main.cpp */ = {isa = PBXFileReference; fileEncoding = 4; lastKnownFileType = sourcecode.cpp.cpp; path = main.cpp; sourceTree = "<group>"; };
		322166AA1C282FBB00888EE6 /* Mesh.cpp */ = {isa = PBXFileReference; fileEncoding = 4; lastKnownFileType = sourcecode.cpp.cpp; path = Mesh.cpp; sourceTree = "<group>"; };
		322166AB1C282FBB00888EE6 /* Mesh.h */ = {isa = PBXFileReference; fileEncoding = 4; lastKnownFileType = sourcecode.c.h; path = Mesh.h; sourceTree = "<group>"; };
		322166AC1C282FBB00888EE6 /* MeshIO.cpp */ = {isa = PBXFileReference; fileEncoding = 4; lastKnownFileType = sourcecode.cpp.cpp; path = MeshIO.cpp; sourceTree = "<group>"; };
		322166AD1C282FBB00888EE6 /* MeshIO.h */ = {isa = PBXFileReference; fileEncoding = 4; lastKnownFileType = sourcecode.c.h; path = MeshIO.h; sourceTree = "<group>"; };
		322166B41C282FCF00888EE6 /* Types.h */ = {isa = PBXFileReference; fileEncoding = 4; lastKnownFileType = sourcecode.c.h; path = Types.h; sourceTree = "<group>"; };
		322166B51C282FCF00888EE6 /* Vertex.cpp */ = {isa = PBXFileReference; fileEncoding = 4; lastKnownFileType = sourcecode.cpp.cpp; path = Vertex.cpp; sourceTree = "<group>"; };
		322166B61C282FCF00888EE6 /* Vertex.h */ = {isa = PBXFileReference; fileEncoding = 4; lastKnownFileType = sourcecode.c.h; path = Vertex.h; sourceTree = "<group>"; };
		322166B81C28314A00888EE6 /* OpenGL.framework */ = {isa = PBXFileReference; lastKnownFileType = wrapper.framework; name = OpenGL.framework; path = System/Library/Frameworks/OpenGL.framework; sourceTree = SDKROOT; };
		322166BA1C28314F00888EE6 /* GLUT.framework */ = {isa = PBXFileReference; lastKnownFileType = wrapper.framework; name = GLUT.framework; path = System/Library/Frameworks/GLUT.framework; sourceTree = SDKROOT; };
		3244D86F1C33093300B88DC5 /* BoundingBox.cpp */ = {isa = PBXFileReference; fileEncoding = 4; lastKnownFileType = sourcecode.cpp.cpp; path = BoundingBox.cpp; sourceTree = "<group>"; };
		3244D8701C33093300B88DC5 /* BoundingBox.h */ = {isa = PBXFileReference; fileEncoding = 4; lastKnownFileType = sourcecode.c.h; path = BoundingBox.h; sourceTree = "<group>"; };
/* End PBXFileReference section */

/* Begin PBXFrameworksBuildPhase section */
		322166961C282F7B00888EE6 /* Frameworks */ = {
			isa = PBXFrameworksBuildPhase;
			buildActionMask = 2147483647;
			files = (
				322166BB1C28314F00888EE6 /* GLUT.framework in Frameworks */,
				322166B91C28314A00888EE6 /* OpenGL.framework in Frameworks */,
			);
			runOnlyForDeploymentPostprocessing = 0;
		};
/* End PBXFrameworksBuildPhase section */

/* Begin PBXGroup section */
		322166901C282F7B00888EE6 = {
			isa = PBXGroup;
			children = (
				322166BA1C28314F00888EE6 /* GLUT.framework */,
				322166B81C28314A00888EE6 /* OpenGL.framework */,
				322166A31C282FBB00888EE6 /* Edge.cpp */,
				322166A41C282FBB00888EE6 /* Edge.h */,
				322166A51C282FBB00888EE6 /* Face.cpp */,
				322166A61C282FBB00888EE6 /* Face.h */,
				322166A71C282FBB00888EE6 /* HalfEdge.cpp */,
				322166A81C282FBB00888EE6 /* HalfEdge.h */,
				322166A91C282FBB00888EE6 /* main.cpp */,
				322166AA1C282FBB00888EE6 /* Mesh.cpp */,
				322166AB1C282FBB00888EE6 /* Mesh.h */,
				322166AC1C282FBB00888EE6 /* MeshIO.cpp */,
				322166AD1C282FBB00888EE6 /* MeshIO.h */,
				322166B41C282FCF00888EE6 /* Types.h */,
				322166B51C282FCF00888EE6 /* Vertex.cpp */,
				322166B61C282FCF00888EE6 /* Vertex.h */,
				3244D86F1C33093300B88DC5 /* BoundingBox.cpp */,
				3244D8701C33093300B88DC5 /* BoundingBox.h */,
				3221669A1C282F7B00888EE6 /* Products */,
			);
			sourceTree = "<group>";
		};
		3221669A1C282F7B00888EE6 /* Products */ = {
			isa = PBXGroup;
			children = (
				322166991C282F7B00888EE6 /* mesh-saliency */,
			);
			name = Products;
			sourceTree = "<group>";
		};
/* End PBXGroup section */

/* Begin PBXNativeTarget section */
		322166981C282F7B00888EE6 /* mesh-saliency */ = {
			isa = PBXNativeTarget;
			buildConfigurationList = 322166A01C282F7B00888EE6 /* Build configuration list for PBXNativeTarget "mesh-saliency" */;
			buildPhases = (
				322166951C282F7B00888EE6 /* Sources */,
				322166961C282F7B00888EE6 /* Frameworks */,
				322166971C282F7B00888EE6 /* CopyFiles */,
			);
			buildRules = (
			);
			dependencies = (
			);
			name = "mesh-saliency";
			productName = "mesh-saliency";
			productReference = 322166991C282F7B00888EE6 /* mesh-saliency */;
			productType = "com.apple.product-type.tool";
		};
/* End PBXNativeTarget section */

/* Begin PBXProject section */
		322166911C282F7B00888EE6 /* Project object */ = {
			isa = PBXProject;
			attributes = {
				LastUpgradeCheck = 0720;
				ORGANIZATIONNAME = "Rohan Sawhney";
				TargetAttributes = {
					322166981C282F7B00888EE6 = {
						CreatedOnToolsVersion = 7.2;
					};
				};
			};
			buildConfigurationList = 322166941C282F7B00888EE6 /* Build configuration list for PBXProject "mesh-saliency" */;
			compatibilityVersion = "Xcode 3.2";
			developmentRegion = English;
			hasScannedForEncodings = 0;
			knownRegions = (
				en,
			);
			mainGroup = 322166901C282F7B00888EE6;
			productRefGroup = 3221669A1C282F7B00888EE6 /* Products */;
			projectDirPath = "";
			projectRoot = "";
			targets = (
				322166981C282F7B00888EE6 /* mesh-saliency */,
			);
		};
/* End PBXProject section */

/* Begin PBXSourcesBuildPhase section */
		322166951C282F7B00888EE6 /* Sources */ = {
			isa = PBXSourcesBuildPhase;
			buildActionMask = 2147483647;
			files = (
				322166B71C282FCF00888EE6 /* Vertex.cpp in Sources */,
				322166B01C282FBB00888EE6 /* HalfEdge.cpp in Sources */,
				322166AF1C282FBB00888EE6 /* Face.cpp in Sources */,
				322166B11C282FBB00888EE6 /* main.cpp in Sources */,
				322166AE1C282FBB00888EE6 /* Edge.cpp in Sources */,
				322166B31C282FBB00888EE6 /* MeshIO.cpp in Sources */,
				322166B21C282FBB00888EE6 /* Mesh.cpp in Sources */,
				3244D8711C33093300B88DC5 /* BoundingBox.cpp in Sources */,
			);
			runOnlyForDeploymentPostprocessing = 0;
		};
/* End PBXSourcesBuildPhase section */

/* Begin XCBuildConfiguration section */
		3221669E1C282F7B00888EE6 /* Debug */ = {
			isa = XCBuildConfiguration;
			buildSettings = {
				ALWAYS_SEARCH_USER_PATHS = NO;
				CLANG_CXX_LANGUAGE_STANDARD = "gnu++0x";
				CLANG_CXX_LIBRARY = "libc++";
				CLANG_ENABLE_MODULES = YES;
				CLANG_ENABLE_OBJC_ARC = YES;
				CLANG_WARN_BOOL_CONVERSION = YES;
				CLANG_WARN_CONSTANT_CONVERSION = YES;
				CLANG_WARN_DIRECT_OBJC_ISA_USAGE = YES_ERROR;
				CLANG_WARN_EMPTY_BODY = YES;
				CLANG_WARN_ENUM_CONVERSION = YES;
				CLANG_WARN_INT_CONVERSION = YES;
				CLANG_WARN_OBJC_ROOT_CLASS = YES_ERROR;
				CLANG_WARN_UNREACHABLE_CODE = YES;
				CLANG_WARN__DUPLICATE_METHOD_MATCH = YES;
				CODE_SIGN_IDENTITY = "-";
				COPY_PHASE_STRIP = NO;
				DEBUG_INFORMATION_FORMAT = dwarf;
				ENABLE_STRICT_OBJC_MSGSEND = YES;
				ENABLE_TESTABILITY = YES;
				GCC_C_LANGUAGE_STANDARD = gnu99;
				GCC_DYNAMIC_NO_PIC = NO;
				GCC_NO_COMMON_BLOCKS = YES;
				GCC_OPTIMIZATION_LEVEL = 0;
				GCC_PREPROCESSOR_DEFINITIONS = (
					"DEBUG=1",
					"$(inherited)",
				);
				GCC_WARN_64_TO_32_BIT_CONVERSION = YES;
				GCC_WARN_ABOUT_RETURN_TYPE = YES_ERROR;
				GCC_WARN_UNDECLARED_SELECTOR = YES;
				GCC_WARN_UNINITIALIZED_AUTOS = YES_AGGRESSIVE;
				GCC_WARN_UNUSED_FUNCTION = YES;
				GCC_WARN_UNUSED_VARIABLE = YES;
				MACOSX_DEPLOYMENT_TARGET = 10.11;
				MTL_ENABLE_DEBUG_INFO = YES;
				ONLY_ACTIVE_ARCH = YES;
				SDKROOT = macosx;
			};
			name = Debug;
		};
		3221669F1C282F7B00888EE6 /* Release */ = {
			isa = XCBuildConfiguration;
			buildSettings = {
				ALWAYS_SEARCH_USER_PATHS = NO;
				CLANG_CXX_LANGUAGE_STANDARD = "gnu++0x";
				CLANG_CXX_LIBRARY = "libc++";
				CLANG_ENABLE_MODULES = YES;
				CLANG_ENABLE_OBJC_ARC = YES;
				CLANG_WARN_BOOL_CONVERSION = YES;
				CLANG_WARN_CONSTANT_CONVERSION = YES;
				CLANG_WARN_DIRECT_OBJC_ISA_USAGE = YES_ERROR;
				CLANG_WARN_EMPTY_BODY = YES;
				CLANG_WARN_ENUM_CONVERSION = YES;
				CLANG_WARN_INT_CONVERSION = YES;
				CLANG_WARN_OBJC_ROOT_CLASS = YES_ERROR;
				CLANG_WARN_UNREACHABLE_CODE = YES;
				CLANG_WARN__DUPLICATE_METHOD_MATCH = YES;
				CODE_SIGN_IDENTITY = "-";
				COPY_PHASE_STRIP = NO;
				DEBUG_INFORMATION_FORMAT = "dwarf-with-dsym";
				ENABLE_NS_ASSERTIONS = NO;
				ENABLE_STRICT_OBJC_MSGSEND = YES;
				GCC_C_LANGUAGE_STANDARD = gnu99;
				GCC_NO_COMMON_BLOCKS = YES;
				GCC_WARN_64_TO_32_BIT_CONVERSION = YES;
				GCC_WARN_ABOUT_RETURN_TYPE = YES_ERROR;
				GCC_WARN_UNDECLARED_SELECTOR = YES;
				GCC_WARN_UNINITIALIZED_AUTOS = YES_AGGRESSIVE;
				GCC_WARN_UNUSED_FUNCTION = YES;
				GCC_WARN_UNUSED_VARIABLE = YES;
				MACOSX_DEPLOYMENT_TARGET = 10.11;
				MTL_ENABLE_DEBUG_INFO = NO;
				SDKROOT = macosx;
			};
			name = Release;
		};
		322166A11C282F7B00888EE6 /* Debug */ = {
			isa = XCBuildConfiguration;
			buildSettings = {
				HEADER_SEARCH_PATHS = /usr/local/Cellar/eigen/3.2.4/include/eigen3;
				PRODUCT_NAME = "$(TARGET_NAME)";
			};
			name = Debug;
		};
		322166A21C282F7B00888EE6 /* Release */ = {
			isa = XCBuildConfiguration;
			buildSettings = {
				HEADER_SEARCH_PATHS = /usr/local/Cellar/eigen/3.2.4/include/eigen3;
				PRODUCT_NAME = "$(TARGET_NAME)";
			};
			name = Release;
		};
/* End XCBuildConfiguration section */

/* Begin XCConfigurationList section */
		322166941C282F7B00888EE6 /* Build configuration list for PBXProject "mesh-saliency" */ = {
			isa = XCConfigurationList;
			buildConfigurations = (
				3221669E1C282F7B00888EE6 /* Debug */,
				3221669F1C282F7B00888EE6 /* Release */,
			);
			defaultConfigurationIsVisible = 0;
			defaultConfigurationName = Release;
		};
		322166A01C282F7B00888EE6 /* Build configuration list for PBXNativeTarget "mesh-saliency" */ = {
			isa = XCConfigurationList;
			buildConfigurations = (
				322166A11C282F7B00888EE6 /* Debug */,
				322166A21C282F7B00888EE6 /* Release */,
			);
			defaultConfigurationIsVisible = 0;
			defaultConfigurationName = Release;
		};
/* End XCConfigurationList section */
	};
	rootObject = 322166911C282F7B00888EE6 /* Project object */;
}
